
Microsoft Visual Studio Solution File, Format Version 12.00
# Visual Studio Version 16
VisualStudioVersion = 16.0.30204.135
MinimumVisualStudioVersion = 10.0.40219.1
Project("{FAE04EC0-301F-11D3-BF4B-00C04F79EFBC}") = "Lab2", "Lab2.csproj", "{C30F6FEA-BD0B-4342-B790-CA2B22C505A2}"
EndProject
Global
	GlobalSection(SolutionConfigurationPlatforms) = preSolution
		Debug|Any CPU = Debug|Any CPU
		Release|Any CPU = Release|Any CPU
	EndGlobalSection
	GlobalSection(ProjectConfigurationPlatforms) = postSolution
		{C30F6FEA-BD0B-4342-B790-CA2B22C505A2}.Debug|Any CPU.ActiveCfg = Debug|Any CPU
		{C30F6FEA-BD0B-4342-B790-CA2B22C505A2}.Debug|Any CPU.Build.0 = Debug|Any CPU
		{C30F6FEA-BD0B-4342-B790-CA2B22C505A2}.Release|Any CPU.ActiveCfg = Release|Any CPU
		{C30F6FEA-BD0B-4342-B790-CA2B22C505A2}.Release|Any CPU.Build.0 = Release|Any CPU
	EndGlobalSection
	GlobalSection(SolutionProperties) = preSolution
		HideSolutionNode = FALSE
	EndGlobalSection
	GlobalSection(ExtensibilityGlobals) = postSolution
		SolutionGuid = {7BB79DB6-17C2-4928-926B-926A8D6F45C6}
	EndGlobalSection
EndGlobal
